
Microsoft Visual Studio Solution File, Format Version 12.00
# Visual Studio Version 17
VisualStudioVersion = 17.4.33205.214
MinimumVisualStudioVersion = 10.0.40219.1
Project("{FAE04EC0-301F-11D3-BF4B-00C04F79EFBC}") = "SchoolCalendars", "SchoolCalendars\SchoolCalendars.csproj", "{CDFB130C-AD66-4F8C-BE5F-15B16B6397F7}"
EndProject
Global
	GlobalSection(SolutionConfigurationPlatforms) = preSolution
		Debug|Any CPU = Debug|Any CPU
		Release|Any CPU = Release|Any CPU
	EndGlobalSection
	GlobalSection(ProjectConfigurationPlatforms) = postSolution
		{CDFB130C-AD66-4F8C-BE5F-15B16B6397F7}.Debug|Any CPU.ActiveCfg = Debug|Any CPU
		{CDFB130C-AD66-4F8C-BE5F-15B16B6397F7}.Debug|Any CPU.Build.0 = Debug|Any CPU
		{CDFB130C-AD66-4F8C-BE5F-15B16B6397F7}.Release|Any CPU.ActiveCfg = Release|Any CPU
		{CDFB130C-AD66-4F8C-BE5F-15B16B6397F7}.Release|Any CPU.Build.0 = Release|Any CPU
	EndGlobalSection
	GlobalSection(SolutionProperties) = preSolution
		HideSolutionNode = FALSE
	EndGlobalSection
	GlobalSection(ExtensibilityGlobals) = postSolution
		SolutionGuid = {AE0AA2A2-C1CA-4DBC-A243-D93561F6E8A4}
	EndGlobalSection
EndGlobal
